
Microsoft Visual Studio Solution File, Format Version 12.00
# Visual Studio 14
VisualStudioVersion = 14.0.25420.1
MinimumVisualStudioVersion = 10.0.40219.1
Project("{2150E333-8FDC-42A3-9474-1A3956D46DE8}") = "src", "src", "{7DF7FC85-2624-4A27-A28A-2B5E41D06B59}"
EndProject
Project("{2150E333-8FDC-42A3-9474-1A3956D46DE8}") = "Solution Items", "Solution Items", "{51B3BAC1-4689-492B-B733-49D4DC3F7C7A}"
	ProjectSection(SolutionItems) = preProject
		global.json = global.json
	EndProjectSection
EndProject
Project("{8BB2217D-0F2D-49D1-97BC-3654ED321F3B}") = "gummi-bear-kingdom", "src\gummi-bear-kingdom\gummi-bear-kingdom.xproj", "{338EA6DA-A2D8-4053-B9EE-7B2F053BE73B}"
EndProject
Global
	GlobalSection(SolutionConfigurationPlatforms) = preSolution
		Debug|Any CPU = Debug|Any CPU
		Release|Any CPU = Release|Any CPU
	EndGlobalSection
	GlobalSection(ProjectConfigurationPlatforms) = postSolution
		{338EA6DA-A2D8-4053-B9EE-7B2F053BE73B}.Debug|Any CPU.ActiveCfg = Debug|Any CPU
		{338EA6DA-A2D8-4053-B9EE-7B2F053BE73B}.Debug|Any CPU.Build.0 = Debug|Any CPU
		{338EA6DA-A2D8-4053-B9EE-7B2F053BE73B}.Release|Any CPU.ActiveCfg = Release|Any CPU
		{338EA6DA-A2D8-4053-B9EE-7B2F053BE73B}.Release|Any CPU.Build.0 = Release|Any CPU
	EndGlobalSection
	GlobalSection(SolutionProperties) = preSolution
		HideSolutionNode = FALSE
	EndGlobalSection
	GlobalSection(NestedProjects) = preSolution
		{338EA6DA-A2D8-4053-B9EE-7B2F053BE73B} = {7DF7FC85-2624-4A27-A28A-2B5E41D06B59}
	EndGlobalSection
EndGlobal
